// !$*UTF8*$!
{
	archiveVersion = 1;
	classes = {
	};
	objectVersion = 50;
	objects = {

/* Begin PBXBuildFile section */
		D4030F3722D61A710031D1E4 /* AppDelegate.swift in Sources */ = {isa = PBXBuildFile; fileRef = D4030F3622D61A710031D1E4 /* AppDelegate.swift */; };
		D4030F3C22D61A710031D1E4 /* Main.storyboard in Resources */ = {isa = PBXBuildFile; fileRef = D4030F3A22D61A710031D1E4 /* Main.storyboard */; };
		D4030F3E22D61A720031D1E4 /* Assets.xcassets in Resources */ = {isa = PBXBuildFile; fileRef = D4030F3D22D61A720031D1E4 /* Assets.xcassets */; };
		D4030F4122D61A720031D1E4 /* LaunchScreen.storyboard in Resources */ = {isa = PBXBuildFile; fileRef = D4030F3F22D61A720031D1E4 /* LaunchScreen.storyboard */; };
		D4030F4C22D61A720031D1E4 /* SignUpTests.swift in Sources */ = {isa = PBXBuildFile; fileRef = D4030F4B22D61A720031D1E4 /* SignUpTests.swift */; };
		D4030F5722D61A720031D1E4 /* SignUpUITests.swift in Sources */ = {isa = PBXBuildFile; fileRef = D4030F5622D61A720031D1E4 /* SignUpUITests.swift */; };
		D44FAE7222DAE76D00A49BBA /* SecondSighUpVC.swift in Sources */ = {isa = PBXBuildFile; fileRef = D44FAE7122DAE76D00A49BBA /* SecondSighUpVC.swift */; };
		D44FAE7622DB250D00A49BBA /* UserInfomation.swift in Sources */ = {isa = PBXBuildFile; fileRef = D44FAE7522DB250D00A49BBA /* UserInfomation.swift */; };
		D45B8BEC22DAC6F90026A043 /* MainVC.swift in Sources */ = {isa = PBXBuildFile; fileRef = D45B8BEB22DAC6F90026A043 /* MainVC.swift */; };
		D45B8BF022DAC7B10026A043 /* FirstSighUpVC.swift in Sources */ = {isa = PBXBuildFile; fileRef = D45B8BEF22DAC7B10026A043 /* FirstSighUpVC.swift */; };
/* End PBXBuildFile section */

/* Begin PBXContainerItemProxy section */
		D4030F4822D61A720031D1E4 /* PBXContainerItemProxy */ = {
			isa = PBXContainerItemProxy;
			containerPortal = D4030F2B22D61A710031D1E4 /* Project object */;
			proxyType = 1;
			remoteGlobalIDString = D4030F3222D61A710031D1E4;
			remoteInfo = SignUp;
		};
		D4030F5322D61A720031D1E4 /* PBXContainerItemProxy */ = {
			isa = PBXContainerItemProxy;
			containerPortal = D4030F2B22D61A710031D1E4 /* Project object */;
			proxyType = 1;
			remoteGlobalIDString = D4030F3222D61A710031D1E4;
			remoteInfo = SignUp;
		};
/* End PBXContainerItemProxy section */

/* Begin PBXFileReference section */
		D4030F3322D61A710031D1E4 /* SignUp.app */ = {isa = PBXFileReference; explicitFileType = wrapper.application; includeInIndex = 0; path = SignUp.app; sourceTree = BUILT_PRODUCTS_DIR; };
		D4030F3622D61A710031D1E4 /* AppDelegate.swift */ = {isa = PBXFileReference; lastKnownFileType = sourcecode.swift; path = AppDelegate.swift; sourceTree = "<group>"; };
		D4030F3B22D61A710031D1E4 /* Base */ = {isa = PBXFileReference; lastKnownFileType = file.storyboard; name = Base; path = Base.lproj/Main.storyboard; sourceTree = "<group>"; };
		D4030F3D22D61A720031D1E4 /* Assets.xcassets */ = {isa = PBXFileReference; lastKnownFileType = folder.assetcatalog; path = Assets.xcassets; sourceTree = "<group>"; };
		D4030F4022D61A720031D1E4 /* Base */ = {isa = PBXFileReference; lastKnownFileType = file.storyboard; name = Base; path = Base.lproj/LaunchScreen.storyboard; sourceTree = "<group>"; };
		D4030F4222D61A720031D1E4 /* Info.plist */ = {isa = PBXFileReference; lastKnownFileType = text.plist.xml; path = Info.plist; sourceTree = "<group>"; };
		D4030F4722D61A720031D1E4 /* SignUpTests.xctest */ = {isa = PBXFileReference; explicitFileType = wrapper.cfbundle; includeInIndex = 0; path = SignUpTests.xctest; sourceTree = BUILT_PRODUCTS_DIR; };
		D4030F4B22D61A720031D1E4 /* SignUpTests.swift */ = {isa = PBXFileReference; lastKnownFileType = sourcecode.swift; path = SignUpTests.swift; sourceTree = "<group>"; };
		D4030F4D22D61A720031D1E4 /* Info.plist */ = {isa = PBXFileReference; lastKnownFileType = text.plist.xml; path = Info.plist; sourceTree = "<group>"; };
		D4030F5222D61A720031D1E4 /* SignUpUITests.xctest */ = {isa = PBXFileReference; explicitFileType = wrapper.cfbundle; includeInIndex = 0; path = SignUpUITests.xctest; sourceTree = BUILT_PRODUCTS_DIR; };
		D4030F5622D61A720031D1E4 /* SignUpUITests.swift */ = {isa = PBXFileReference; lastKnownFileType = sourcecode.swift; path = SignUpUITests.swift; sourceTree = "<group>"; };
		D4030F5822D61A720031D1E4 /* Info.plist */ = {isa = PBXFileReference; lastKnownFileType = text.plist.xml; path = Info.plist; sourceTree = "<group>"; };
		D44FAE7122DAE76D00A49BBA /* SecondSighUpVC.swift */ = {isa = PBXFileReference; lastKnownFileType = sourcecode.swift; path = SecondSighUpVC.swift; sourceTree = "<group>"; };
		D44FAE7522DB250D00A49BBA /* UserInfomation.swift */ = {isa = PBXFileReference; lastKnownFileType = sourcecode.swift; path = UserInfomation.swift; sourceTree = "<group>"; };
		D45B8BEB22DAC6F90026A043 /* MainVC.swift */ = {isa = PBXFileReference; lastKnownFileType = sourcecode.swift; path = MainVC.swift; sourceTree = "<group>"; };
		D45B8BEF22DAC7B10026A043 /* FirstSighUpVC.swift */ = {isa = PBXFileReference; lastKnownFileType = sourcecode.swift; path = FirstSighUpVC.swift; sourceTree = "<group>"; };
/* End PBXFileReference section */

/* Begin PBXFrameworksBuildPhase section */
		D4030F3022D61A710031D1E4 /* Frameworks */ = {
			isa = PBXFrameworksBuildPhase;
			buildActionMask = 2147483647;
			files = (
			);
			runOnlyForDeploymentPostprocessing = 0;
		};
		D4030F4422D61A720031D1E4 /* Frameworks */ = {
			isa = PBXFrameworksBuildPhase;
			buildActionMask = 2147483647;
			files = (
			);
			runOnlyForDeploymentPostprocessing = 0;
		};
		D4030F4F22D61A720031D1E4 /* Frameworks */ = {
			isa = PBXFrameworksBuildPhase;
			buildActionMask = 2147483647;
			files = (
			);
			runOnlyForDeploymentPostprocessing = 0;
		};
/* End PBXFrameworksBuildPhase section */

/* Begin PBXGroup section */
		D4030F2A22D61A710031D1E4 = {
			isa = PBXGroup;
			children = (
				D4030F3522D61A710031D1E4 /* SignUp */,
				D4030F4A22D61A720031D1E4 /* SignUpTests */,
				D4030F5522D61A720031D1E4 /* SignUpUITests */,
				D4030F3422D61A710031D1E4 /* Products */,
			);
			sourceTree = "<group>";
		};
		D4030F3422D61A710031D1E4 /* Products */ = {
			isa = PBXGroup;
			children = (
				D4030F3322D61A710031D1E4 /* SignUp.app */,
				D4030F4722D61A720031D1E4 /* SignUpTests.xctest */,
				D4030F5222D61A720031D1E4 /* SignUpUITests.xctest */,
			);
			name = Products;
			sourceTree = "<group>";
		};
		D4030F3522D61A710031D1E4 /* SignUp */ = {
			isa = PBXGroup;
			children = (
				D4030F3622D61A710031D1E4 /* AppDelegate.swift */,
				D4030F3A22D61A710031D1E4 /* Main.storyboard */,
				D45B8BEB22DAC6F90026A043 /* MainVC.swift */,
				D45B8BEF22DAC7B10026A043 /* FirstSighUpVC.swift */,
				D44FAE7122DAE76D00A49BBA /* SecondSighUpVC.swift */,
				D44FAE7522DB250D00A49BBA /* UserInfomation.swift */,
				D4030F3D22D61A720031D1E4 /* Assets.xcassets */,
				D4030F3F22D61A720031D1E4 /* LaunchScreen.storyboard */,
				D4030F4222D61A720031D1E4 /* Info.plist */,
			);
			path = SignUp;
			sourceTree = "<group>";
		};
		D4030F4A22D61A720031D1E4 /* SignUpTests */ = {
			isa = PBXGroup;
			children = (
				D4030F4B22D61A720031D1E4 /* SignUpTests.swift */,
				D4030F4D22D61A720031D1E4 /* Info.plist */,
			);
			path = SignUpTests;
			sourceTree = "<group>";
		};
		D4030F5522D61A720031D1E4 /* SignUpUITests */ = {
			isa = PBXGroup;
			children = (
				D4030F5622D61A720031D1E4 /* SignUpUITests.swift */,
				D4030F5822D61A720031D1E4 /* Info.plist */,
			);
			path = SignUpUITests;
			sourceTree = "<group>";
		};
/* End PBXGroup section */

/* Begin PBXNativeTarget section */
		D4030F3222D61A710031D1E4 /* SignUp */ = {
			isa = PBXNativeTarget;
			buildConfigurationList = D4030F5B22D61A720031D1E4 /* Build configuration list for PBXNativeTarget "SignUp" */;
			buildPhases = (
				D4030F2F22D61A710031D1E4 /* Sources */,
				D4030F3022D61A710031D1E4 /* Frameworks */,
				D4030F3122D61A710031D1E4 /* Resources */,
			);
			buildRules = (
			);
			dependencies = (
			);
			name = SignUp;
			productName = SignUp;
			productReference = D4030F3322D61A710031D1E4 /* SignUp.app */;
			productType = "com.apple.product-type.application";
		};
		D4030F4622D61A720031D1E4 /* SignUpTests */ = {
			isa = PBXNativeTarget;
			buildConfigurationList = D4030F5E22D61A720031D1E4 /* Build configuration list for PBXNativeTarget "SignUpTests" */;
			buildPhases = (
				D4030F4322D61A720031D1E4 /* Sources */,
				D4030F4422D61A720031D1E4 /* Frameworks */,
				D4030F4522D61A720031D1E4 /* Resources */,
			);
			buildRules = (
			);
			dependencies = (
				D4030F4922D61A720031D1E4 /* PBXTargetDependency */,
			);
			name = SignUpTests;
			productName = SignUpTests;
			productReference = D4030F4722D61A720031D1E4 /* SignUpTests.xctest */;
			productType = "com.apple.product-type.bundle.unit-test";
		};
		D4030F5122D61A720031D1E4 /* SignUpUITests */ = {
			isa = PBXNativeTarget;
			buildConfigurationList = D4030F6122D61A720031D1E4 /* Build configuration list for PBXNativeTarget "SignUpUITests" */;
			buildPhases = (
				D4030F4E22D61A720031D1E4 /* Sources */,
				D4030F4F22D61A720031D1E4 /* Frameworks */,
				D4030F5022D61A720031D1E4 /* Resources */,
			);
			buildRules = (
			);
			dependencies = (
				D4030F5422D61A720031D1E4 /* PBXTargetDependency */,
			);
			name = SignUpUITests;
			productName = SignUpUITests;
			productReference = D4030F5222D61A720031D1E4 /* SignUpUITests.xctest */;
			productType = "com.apple.product-type.bundle.ui-testing";
		};
/* End PBXNativeTarget section */

/* Begin PBXProject section */
		D4030F2B22D61A710031D1E4 /* Project object */ = {
			isa = PBXProject;
			attributes = {
				LastSwiftUpdateCheck = 1020;
				LastUpgradeCheck = 1020;
				ORGANIZATIONNAME = "정재훈";
				TargetAttributes = {
					D4030F3222D61A710031D1E4 = {
						CreatedOnToolsVersion = 10.2.1;
					};
					D4030F4622D61A720031D1E4 = {
						CreatedOnToolsVersion = 10.2.1;
						TestTargetID = D4030F3222D61A710031D1E4;
					};
					D4030F5122D61A720031D1E4 = {
						CreatedOnToolsVersion = 10.2.1;
						TestTargetID = D4030F3222D61A710031D1E4;
					};
				};
			};
			buildConfigurationList = D4030F2E22D61A710031D1E4 /* Build configuration list for PBXProject "SignUp" */;
			compatibilityVersion = "Xcode 9.3";
			developmentRegion = en;
			hasScannedForEncodings = 0;
			knownRegions = (
				en,
				Base,
			);
			mainGroup = D4030F2A22D61A710031D1E4;
			productRefGroup = D4030F3422D61A710031D1E4 /* Products */;
			projectDirPath = "";
			projectRoot = "";
			targets = (
				D4030F3222D61A710031D1E4 /* SignUp */,
				D4030F4622D61A720031D1E4 /* SignUpTests */,
				D4030F5122D61A720031D1E4 /* SignUpUITests */,
			);
		};
/* End PBXProject section */

/* Begin PBXResourcesBuildPhase section */
		D4030F3122D61A710031D1E4 /* Resources */ = {
			isa = PBXResourcesBuildPhase;
			buildActionMask = 2147483647;
			files = (
				D4030F4122D61A720031D1E4 /* LaunchScreen.storyboard in Resources */,
				D4030F3E22D61A720031D1E4 /* Assets.xcassets in Resources */,
				D4030F3C22D61A710031D1E4 /* Main.storyboard in Resources */,
			);
			runOnlyForDeploymentPostprocessing = 0;
		};
		D4030F4522D61A720031D1E4 /* Resources */ = {
			isa = PBXResourcesBuildPhase;
			buildActionMask = 2147483647;
			files = (
			);
			runOnlyForDeploymentPostprocessing = 0;
		};
		D4030F5022D61A720031D1E4 /* Resources */ = {
			isa = PBXResourcesBuildPhase;
			buildActionMask = 2147483647;
			files = (
			);
			runOnlyForDeploymentPostprocessing = 0;
		};
/* End PBXResourcesBuildPhase section */

/* Begin PBXSourcesBuildPhase section */
		D4030F2F22D61A710031D1E4 /* Sources */ = {
			isa = PBXSourcesBuildPhase;
			buildActionMask = 2147483647;
			files = (
				D44FAE7222DAE76D00A49BBA /* SecondSighUpVC.swift in Sources */,
				D45B8BEC22DAC6F90026A043 /* MainVC.swift in Sources */,
				D4030F3722D61A710031D1E4 /* AppDelegate.swift in Sources */,
				D45B8BF022DAC7B10026A043 /* FirstSighUpVC.swift in Sources */,
				D44FAE7622DB250D00A49BBA /* UserInfomation.swift in Sources */,
			);
			runOnlyForDeploymentPostprocessing = 0;
		};
		D4030F4322D61A720031D1E4 /* Sources */ = {
			isa = PBXSourcesBuildPhase;
			buildActionMask = 2147483647;
			files = (
				D4030F4C22D61A720031D1E4 /* SignUpTests.swift in Sources */,
			);
			runOnlyForDeploymentPostprocessing = 0;
		};
		D4030F4E22D61A720031D1E4 /* Sources */ = {
			isa = PBXSourcesBuildPhase;
			buildActionMask = 2147483647;
			files = (
				D4030F5722D61A720031D1E4 /* SignUpUITests.swift in Sources */,
			);
			runOnlyForDeploymentPostprocessing = 0;
		};
/* End PBXSourcesBuildPhase section */

/* Begin PBXTargetDependency section */
		D4030F4922D61A720031D1E4 /* PBXTargetDependency */ = {
			isa = PBXTargetDependency;
			target = D4030F3222D61A710031D1E4 /* SignUp */;
			targetProxy = D4030F4822D61A720031D1E4 /* PBXContainerItemProxy */;
		};
		D4030F5422D61A720031D1E4 /* PBXTargetDependency */ = {
			isa = PBXTargetDependency;
			target = D4030F3222D61A710031D1E4 /* SignUp */;
			targetProxy = D4030F5322D61A720031D1E4 /* PBXContainerItemProxy */;
		};
/* End PBXTargetDependency section */

/* Begin PBXVariantGroup section */
		D4030F3A22D61A710031D1E4 /* Main.storyboard */ = {
			isa = PBXVariantGroup;
			children = (
				D4030F3B22D61A710031D1E4 /* Base */,
			);
			name = Main.storyboard;
			sourceTree = "<group>";
		};
		D4030F3F22D61A720031D1E4 /* LaunchScreen.storyboard */ = {
			isa = PBXVariantGroup;
			children = (
				D4030F4022D61A720031D1E4 /* Base */,
			);
			name = LaunchScreen.storyboard;
			sourceTree = "<group>";
		};
/* End PBXVariantGroup section */

/* Begin XCBuildConfiguration section */
		D4030F5922D61A720031D1E4 /* Debug */ = {
			isa = XCBuildConfiguration;
			buildSettings = {
				ALWAYS_SEARCH_USER_PATHS = NO;
				CLANG_ANALYZER_NONNULL = YES;
				CLANG_ANALYZER_NUMBER_OBJECT_CONVERSION = YES_AGGRESSIVE;
				CLANG_CXX_LANGUAGE_STANDARD = "gnu++14";
				CLANG_CXX_LIBRARY = "libc++";
				CLANG_ENABLE_MODULES = YES;
				CLANG_ENABLE_OBJC_ARC = YES;
				CLANG_ENABLE_OBJC_WEAK = YES;
				CLANG_WARN_BLOCK_CAPTURE_AUTORELEASING = YES;
				CLANG_WARN_BOOL_CONVERSION = YES;
				CLANG_WARN_COMMA = YES;
				CLANG_WARN_CONSTANT_CONVERSION = YES;
				CLANG_WARN_DEPRECATED_OBJC_IMPLEMENTATIONS = YES;
				CLANG_WARN_DIRECT_OBJC_ISA_USAGE = YES_ERROR;
				CLANG_WARN_DOCUMENTATION_COMMENTS = YES;
				CLANG_WARN_EMPTY_BODY = YES;
				CLANG_WARN_ENUM_CONVERSION = YES;
				CLANG_WARN_INFINITE_RECURSION = YES;
				CLANG_WARN_INT_CONVERSION = YES;
				CLANG_WARN_NON_LITERAL_NULL_CONVERSION = YES;
				CLANG_WARN_OBJC_IMPLICIT_RETAIN_SELF = YES;
				CLANG_WARN_OBJC_LITERAL_CONVERSION = YES;
				CLANG_WARN_OBJC_ROOT_CLASS = YES_ERROR;
				CLANG_WARN_RANGE_LOOP_ANALYSIS = YES;
				CLANG_WARN_STRICT_PROTOTYPES = YES;
				CLANG_WARN_SUSPICIOUS_MOVE = YES;
				CLANG_WARN_UNGUARDED_AVAILABILITY = YES_AGGRESSIVE;
				CLANG_WARN_UNREACHABLE_CODE = YES;
				CLANG_WARN__DUPLICATE_METHOD_MATCH = YES;
				CODE_SIGN_IDENTITY = "iPhone Developer";
				COPY_PHASE_STRIP = NO;
				DEBUG_INFORMATION_FORMAT = dwarf;
				ENABLE_STRICT_OBJC_MSGSEND = YES;
				ENABLE_TESTABILITY = YES;
				GCC_C_LANGUAGE_STANDARD = gnu11;
				GCC_DYNAMIC_NO_PIC = NO;
				GCC_NO_COMMON_BLOCKS = YES;
				GCC_OPTIMIZATION_LEVEL = 0;
				GCC_PREPROCESSOR_DEFINITIONS = (
					"DEBUG=1",
					"$(inherited)",
				);
				GCC_WARN_64_TO_32_BIT_CONVERSION = YES;
				GCC_WARN_ABOUT_RETURN_TYPE = YES_ERROR;
				GCC_WARN_UNDECLARED_SELECTOR = YES;
				GCC_WARN_UNINITIALIZED_AUTOS = YES_AGGRESSIVE;
				GCC_WARN_UNUSED_FUNCTION = YES;
				GCC_WARN_UNUSED_VARIABLE = YES;
				IPHONEOS_DEPLOYMENT_TARGET = 12.2;
				MTL_ENABLE_DEBUG_INFO = INCLUDE_SOURCE;
				MTL_FAST_MATH = YES;
				ONLY_ACTIVE_ARCH = YES;
				SDKROOT = iphoneos;
				SWIFT_ACTIVE_COMPILATION_CONDITIONS = DEBUG;
				SWIFT_OPTIMIZATION_LEVEL = "-Onone";
			};
			name = Debug;
		};
		D4030F5A22D61A720031D1E4 /* Release */ = {
			isa = XCBuildConfiguration;
			buildSettings = {
				ALWAYS_SEARCH_USER_PATHS = NO;
				CLANG_ANALYZER_NONNULL = YES;
				CLANG_ANALYZER_NUMBER_OBJECT_CONVERSION = YES_AGGRESSIVE;
				CLANG_CXX_LANGUAGE_STANDARD = "gnu++14";
				CLANG_CXX_LIBRARY = "libc++";
				CLANG_ENABLE_MODULES = YES;
				CLANG_ENABLE_OBJC_ARC = YES;
				CLANG_ENABLE_OBJC_WEAK = YES;
				CLANG_WARN_BLOCK_CAPTURE_AUTORELEASING = YES;
				CLANG_WARN_BOOL_CONVERSION = YES;
				CLANG_WARN_COMMA = YES;
				CLANG_WARN_CONSTANT_CONVERSION = YES;
				CLANG_WARN_DEPRECATED_OBJC_IMPLEMENTATIONS = YES;
				CLANG_WARN_DIRECT_OBJC_ISA_USAGE = YES_ERROR;
				CLANG_WARN_DOCUMENTATION_COMMENTS = YES;
				CLANG_WARN_EMPTY_BODY = YES;
				CLANG_WARN_ENUM_CONVERSION = YES;
				CLANG_WARN_INFINITE_RECURSION = YES;
				CLANG_WARN_INT_CONVERSION = YES;
				CLANG_WARN_NON_LITERAL_NULL_CONVERSION = YES;
				CLANG_WARN_OBJC_IMPLICIT_RETAIN_SELF = YES;
				CLANG_WARN_OBJC_LITERAL_CONVERSION = YES;
				CLANG_WARN_OBJC_ROOT_CLASS = YES_ERROR;
				CLANG_WARN_RANGE_LOOP_ANALYSIS = YES;
				CLANG_WARN_STRICT_PROTOTYPES = YES;
				CLANG_WARN_SUSPICIOUS_MOVE = YES;
				CLANG_WARN_UNGUARDED_AVAILABILITY = YES_AGGRESSIVE;
				CLANG_WARN_UNREACHABLE_CODE = YES;
				CLANG_WARN__DUPLICATE_METHOD_MATCH = YES;
				CODE_SIGN_IDENTITY = "iPhone Developer";
				COPY_PHASE_STRIP = NO;
				DEBUG_INFORMATION_FORMAT = "dwarf-with-dsym";
				ENABLE_NS_ASSERTIONS = NO;
				ENABLE_STRICT_OBJC_MSGSEND = YES;
				GCC_C_LANGUAGE_STANDARD = gnu11;
				GCC_NO_COMMON_BLOCKS = YES;
				GCC_WARN_64_TO_32_BIT_CONVERSION = YES;
				GCC_WARN_ABOUT_RETURN_TYPE = YES_ERROR;
				GCC_WARN_UNDECLARED_SELECTOR = YES;
				GCC_WARN_UNINITIALIZED_AUTOS = YES_AGGRESSIVE;
				GCC_WARN_UNUSED_FUNCTION = YES;
				GCC_WARN_UNUSED_VARIABLE = YES;
				IPHONEOS_DEPLOYMENT_TARGET = 12.2;
				MTL_ENABLE_DEBUG_INFO = NO;
				MTL_FAST_MATH = YES;
				SDKROOT = iphoneos;
				SWIFT_COMPILATION_MODE = wholemodule;
				SWIFT_OPTIMIZATION_LEVEL = "-O";
				VALIDATE_PRODUCT = YES;
			};
			name = Release;
		};
		D4030F5C22D61A720031D1E4 /* Debug */ = {
			isa = XCBuildConfiguration;
			buildSettings = {
				ASSETCATALOG_COMPILER_APPICON_NAME = AppIcon;
				CODE_SIGN_STYLE = Automatic;
				INFOPLIST_FILE = SignUp/Info.plist;
				LD_RUNPATH_SEARCH_PATHS = (
					"$(inherited)",
					"@executable_path/Frameworks",
				);
				PRODUCT_BUNDLE_IDENTIFIER = com.example.SignUp;
				PRODUCT_NAME = "$(TARGET_NAME)";
				SWIFT_VERSION = 5.0;
				TARGETED_DEVICE_FAMILY = "1,2";
			};
			name = Debug;
		};
		D4030F5D22D61A720031D1E4 /* Release */ = {
			isa = XCBuildConfiguration;
			buildSettings = {
				ASSETCATALOG_COMPILER_APPICON_NAME = AppIcon;
				CODE_SIGN_STYLE = Automatic;
				INFOPLIST_FILE = SignUp/Info.plist;
				LD_RUNPATH_SEARCH_PATHS = (
					"$(inherited)",
					"@executable_path/Frameworks",
				);
				PRODUCT_BUNDLE_IDENTIFIER = com.example.SignUp;
				PRODUCT_NAME = "$(TARGET_NAME)";
				SWIFT_VERSION = 5.0;
				TARGETED_DEVICE_FAMILY = "1,2";
			};
			name = Release;
		};
		D4030F5F22D61A720031D1E4 /* Debug */ = {
			isa = XCBuildConfiguration;
			buildSettings = {
				ALWAYS_EMBED_SWIFT_STANDARD_LIBRARIES = YES;
				BUNDLE_LOADER = "$(TEST_HOST)";
				CODE_SIGN_STYLE = Automatic;
				INFOPLIST_FILE = SignUpTests/Info.plist;
				LD_RUNPATH_SEARCH_PATHS = (
					"$(inherited)",
					"@executable_path/Frameworks",
					"@loader_path/Frameworks",
				);
				PRODUCT_BUNDLE_IDENTIFIER = com.example.SignUpTests;
				PRODUCT_NAME = "$(TARGET_NAME)";
				SWIFT_VERSION = 5.0;
				TARGETED_DEVICE_FAMILY = "1,2";
				TEST_HOST = "$(BUILT_PRODUCTS_DIR)/SignUp.app/SignUp";
			};
			name = Debug;
		};
		D4030F6022D61A720031D1E4 /* Release */ = {
			isa = XCBuildConfiguration;
			buildSettings = {
				ALWAYS_EMBED_SWIFT_STANDARD_LIBRARIES = YES;
				BUNDLE_LOADER = "$(TEST_HOST)";
				CODE_SIGN_STYLE = Automatic;
				INFOPLIST_FILE = SignUpTests/Info.plist;
				LD_RUNPATH_SEARCH_PATHS = (
					"$(inherited)",
					"@executable_path/Frameworks",
					"@loader_path/Frameworks",
				);
				PRODUCT_BUNDLE_IDENTIFIER = com.example.SignUpTests;
				PRODUCT_NAME = "$(TARGET_NAME)";
				SWIFT_VERSION = 5.0;
				TARGETED_DEVICE_FAMILY = "1,2";
				TEST_HOST = "$(BUILT_PRODUCTS_DIR)/SignUp.app/SignUp";
			};
			name = Release;
		};
		D4030F6222D61A720031D1E4 /* Debug */ = {
			isa = XCBuildConfiguration;
			buildSettings = {
				ALWAYS_EMBED_SWIFT_STANDARD_LIBRARIES = YES;
				CODE_SIGN_STYLE = Automatic;
				INFOPLIST_FILE = SignUpUITests/Info.plist;
				LD_RUNPATH_SEARCH_PATHS = (
					"$(inherited)",
					"@executable_path/Frameworks",
					"@loader_path/Frameworks",
				);
				PRODUCT_BUNDLE_IDENTIFIER = com.example.SignUpUITests;
				PRODUCT_NAME = "$(TARGET_NAME)";
				SWIFT_VERSION = 5.0;
				TARGETED_DEVICE_FAMILY = "1,2";
				TEST_TARGET_NAME = SignUp;
			};
			name = Debug;
		};
		D4030F6322D61A720031D1E4 /* Release */ = {
			isa = XCBuildConfiguration;
			buildSettings = {
				ALWAYS_EMBED_SWIFT_STANDARD_LIBRARIES = YES;
				CODE_SIGN_STYLE = Automatic;
				INFOPLIST_FILE = SignUpUITests/Info.plist;
				LD_RUNPATH_SEARCH_PATHS = (
					"$(inherited)",
					"@executable_path/Frameworks",
					"@loader_path/Frameworks",
				);
				PRODUCT_BUNDLE_IDENTIFIER = com.example.SignUpUITests;
				PRODUCT_NAME = "$(TARGET_NAME)";
				SWIFT_VERSION = 5.0;
				TARGETED_DEVICE_FAMILY = "1,2";
				TEST_TARGET_NAME = SignUp;
			};
			name = Release;
		};
/* End XCBuildConfiguration section */

/* Begin XCConfigurationList section */
		D4030F2E22D61A710031D1E4 /* Build configuration list for PBXProject "SignUp" */ = {
			isa = XCConfigurationList;
			buildConfigurations = (
				D4030F5922D61A720031D1E4 /* Debug */,
				D4030F5A22D61A720031D1E4 /* Release */,
			);
			defaultConfigurationIsVisible = 0;
			defaultConfigurationName = Release;
		};
		D4030F5B22D61A720031D1E4 /* Build configuration list for PBXNativeTarget "SignUp" */ = {
			isa = XCConfigurationList;
			buildConfigurations = (
				D4030F5C22D61A720031D1E4 /* Debug */,
				D4030F5D22D61A720031D1E4 /* Release */,
			);
			defaultConfigurationIsVisible = 0;
			defaultConfigurationName = Release;
		};
		D4030F5E22D61A720031D1E4 /* Build configuration list for PBXNativeTarget "SignUpTests" */ = {
			isa = XCConfigurationList;
			buildConfigurations = (
				D4030F5F22D61A720031D1E4 /* Debug */,
				D4030F6022D61A720031D1E4 /* Release */,
			);
			defaultConfigurationIsVisible = 0;
			defaultConfigurationName = Release;
		};
		D4030F6122D61A720031D1E4 /* Build configuration list for PBXNativeTarget "SignUpUITests" */ = {
			isa = XCConfigurationList;
			buildConfigurations = (
				D4030F6222D61A720031D1E4 /* Debug */,
				D4030F6322D61A720031D1E4 /* Release */,
			);
			defaultConfigurationIsVisible = 0;
			defaultConfigurationName = Release;
		};
/* End XCConfigurationList section */
	};
	rootObject = D4030F2B22D61A710031D1E4 /* Project object */;
}
